{
  "adapter_versions": {
    "claude": 1,
    "codex": 1,
    "cursor": 1
  },
  "canonical_hashes": {
    "core/ci/deploy-manifest.schema.json": "726cc850c06647a5d89a678d663780ba8ecea101b32f537ce72c9d705d803c44",
    "core/ci/profile.schema.json": "c3f47a92a45c9a13e1430b41c3266c03a9d8c8dea7a2bc5a563b0cc195092485",
    "core/constitution.md": "745eb2b54c9a2ef672985616b72bc3e707cba0bb2ad976c5f5d807f1cda8e6ab",
    "core/graph/graph.schema.json": "3a3959ea76c8904a133c63cdc0331d18a6b2cd09b4dde1bd9759d4cf150c84f3",
    "core/graph/impact.toml": "b55cfbfa7f1d7cc9e0d4a4fb1f0b1f73fbc81c5921deabf90b761c5226d6ae48",
    "core/graph/locks.toml": "132bc1228958ebc3056a9fc95de4d606877f484276d7b4df0d38285e2a10e52c",
    "core/graph/scheduler.toml": "f51c17bcb030b598c9ccdff172ad7934f3f827850e8b7c81e68ffec7c4f78437",
    "core/memory/memory-policy.toml": "1b1ed895dd77bbf9f2af355a27338ab442d8004553a21fb5fbd340bedf5b8620",
    "core/memory/memory-record.schema.json": "d5327b5d9fa351fd5978d082bbf75b745b1a1e7733601126e59ad595ea0f95e7",
    "core/memory/retrieval-policy.toml": "c0e09768950ee31eaad39c67fd12c1bafdedf6d1ad2365ff8d46494e0d8185f7",
    "core/policies/approvals.toml": "bc5c90e7170ca4373925002fd51130775808f0c846377699666cb9cd864e93d1",
    "core/policies/autonomy.toml": "e41301b8c218333809c0335b417b42b889828eb89cb3f87d2e6716f08f815dc1",
    "core/policies/filesystem.toml": "2fffd36838c260f63857cb0c43f4701a102b67279498c9465b489e9d32cd253c",
    "core/policies/git.toml": "723a975f015dbee208bd0ac6c1b51247bd996c2406a0adf8e8ae79cc4a30c4c6",
    "core/policies/network.toml": "01d6c31aef32a0ad55114af5d02a4f16f8a47235dbab0eda64e7f9fb66c9c07e",
    "core/policies/production.toml": "79b8896f4fa4217b42acaa44f1040dcc8d741c4dff9116afc361bad76d15dd15",
    "core/policies/project-tracking.toml": "fe638412fde006b57efec599d6c0e00d34b0f05995621230009c5a6aa3db5075",
    "core/policies/tooling.toml": "baa9e9d134e01d7c0c40a3b9ab404f5ee6f75ec4706c67e945d0aef845b4d17d",
    "core/project/issue-contract.md": "82dd87c1f3ca7e4abf1eec047887ed127f8654ffb9c0946cb884707ff7b86b05",
    "core/project/pr-contract.md": "d39ab96fec7fe6d45ad93a8c2d418502955fbf3ef3251aef96569283e59a5c93",
    "core/project/project-fields.toml": "e9c7c440ad080a581c13b1fd7e9d9d1d18b35435fbb7f70f284c89907880fad5",
    "core/project/registry.schema.json": "b6909207c406f256e2ab128e6cf4e15613b302775427790ae69016f2da69e99c",
    "core/quality/evidence.toml": "3ecc43a8ea6d50142f87b09b47ec8013932f0c63ec6c90722d90f8adfd6fe842",
    "core/quality/profiles.toml": "c2e7cd06a8902e78c5f9a3830e27790165632474c07e85595cd6c6a37ce79cfa",
    "core/quality/quality-report.schema.json": "96ddae064158cd8138723364e99a617a41ce9d0d785ebca533ae8cf423f25df3",
    "core/quality/ratchet.toml": "662df3dbf56265581da615741694b539627c051c0f1a3ca0ba56b78d1cc980d9",
    "core/security/infrastructure.toml": "d2c7a866c1ada36e992e14a6bfa14fda00e37c0a1fd3a323e05665a640089623",
    "core/security/policy.toml": "99da2c87b2789989071dca5ce7ac99cc82a1dedefff8bf3f70854cd717b032d2",
    "core/security/security-report.schema.json": "eff24870cb55133559e0d3f23741b7b8d478d13b9c4a7337bdb36bd2438823d7",
    "core/workflow/acceptance.schema.json": "ea59b49a65c9c4235a2992ce45cb0387213ae870c3281211a0e5ca4f086e50fd",
    "core/workflow/classification.toml": "c222350b76584f0fc07bb3cffeb2230abe6a3750e4d2f43ef2b72d560ddfc5ef",
    "core/workflow/completion.toml": "001c72b936a41a6cc06eb1559ec9eeda4db22790111e3291255da2d6b52d0c75",
    "core/workflow/lifecycle.toml": "6cb063d489c2e6b31fdab8af7a58ac128b60dc036da473f27ab2748337aaa033",
    "core/workflow/task-state.schema.json": "52beae86d2f295d4a6b0a667ff684bc633e19cb3eeb9852e1c73434ee782145c",
    "profiles/default.toml": "b6d17e544bc1c72d6c4d7d741543cb603a2bb114957b10fb9138b72fe738993a",
    "profiles/projects/sdr-platform.toml": "5bb11d9a74d7249eb288d7f2de92431594bef91b56f4ea575f4ffcc6293da8e0",
    "skills/accessibility/SKILL.md": "7decc07e30af40cce0180ae0d4e33f43d22731764ed4817188d8470ce6083cb2",
    "skills/nexus-frontend/SKILL.md": "9c2bd34190d8aa00836400033c91a1b60af30807b35974f091041ccb83c4cce5",
    "skills/nexus-handoff/SKILL.md": "74e0936af95d4b7844b5958baab0bef8db9185798dc7f52cb0685af974c1130b",
    "skills/nexus-quality/SKILL.md": "38dc5fa8aa084865eb691878495b88f9b8fab7d34b0bbbea19b39e25efe9061f",
    "skills/nexus-ship/SKILL.md": "81ec2649e6fc468304b779eb2411d249f282ab5451a791dcb567cd09c78f1651",
    "skills/nexus-verify/SKILL.md": "2880bd804ad3864a016ca292f1df719760afdd1694c97af27d4a64d5138907b1",
    "skills/nexus-workflow/SKILL.md": "5f3fc683384a60d4b6d79925080a9494b813cda3b557a36223b9551394859ea1",
    "upstream/vendor-lock.json": "61cd88fd214ac8b6fd43b1f7a63afdb05f80a9bb258908fefb19b263e9f3b7f7"
  },
  "generated_hashes": {
    "dist/.cursor/rules/nexus-workflow.mdc": "7d14af02f0c0bbf3511055825cb5ae8fe3f6863379df1367ac552a32747014a8",
    "dist/AGENTS.md": "94825ed42ff3f3eee7ce3ebd6911fa97559675d101f1aa87a3904a26ce5f023f",
    "dist/USER_RULES.md": "7d14af02f0c0bbf3511055825cb5ae8fe3f6863379df1367ac552a32747014a8",
    "dist/claude/CLAUDE.md": "1622b2c64f8925bb5c9000472d187f92c7be1fb280a588e4f1dd0921b67eac61",
    "dist/claude/settings.json": "8a7e690d0e0d099a189a1f0f09d5801b93f8ee258176396fc1b98a3fd0f8fc73",
    "dist/codex/config.toml": "b162b288d654a2a2bb5974b32c0166d534babdbf12f8c5caecb99cddad5190ba",
    "dist/core/ci/deploy-manifest.schema.json": "726cc850c06647a5d89a678d663780ba8ecea101b32f537ce72c9d705d803c44",
    "dist/core/ci/profile.schema.json": "c3f47a92a45c9a13e1430b41c3266c03a9d8c8dea7a2bc5a563b0cc195092485",
    "dist/core/constitution.md": "745eb2b54c9a2ef672985616b72bc3e707cba0bb2ad976c5f5d807f1cda8e6ab",
    "dist/core/graph/graph.schema.json": "3a3959ea76c8904a133c63cdc0331d18a6b2cd09b4dde1bd9759d4cf150c84f3",
    "dist/core/graph/impact.toml": "b55cfbfa7f1d7cc9e0d4a4fb1f0b1f73fbc81c5921deabf90b761c5226d6ae48",
    "dist/core/graph/locks.toml": "132bc1228958ebc3056a9fc95de4d606877f484276d7b4df0d38285e2a10e52c",
    "dist/core/graph/scheduler.toml": "f51c17bcb030b598c9ccdff172ad7934f3f827850e8b7c81e68ffec7c4f78437",
    "dist/core/memory/memory-policy.toml": "1b1ed895dd77bbf9f2af355a27338ab442d8004553a21fb5fbd340bedf5b8620",
    "dist/core/memory/memory-record.schema.json": "d5327b5d9fa351fd5978d082bbf75b745b1a1e7733601126e59ad595ea0f95e7",
    "dist/core/memory/retrieval-policy.toml": "c0e09768950ee31eaad39c67fd12c1bafdedf6d1ad2365ff8d46494e0d8185f7",
    "dist/core/policies/approvals.toml": "bc5c90e7170ca4373925002fd51130775808f0c846377699666cb9cd864e93d1",
    "dist/core/policies/autonomy.toml": "e41301b8c218333809c0335b417b42b889828eb89cb3f87d2e6716f08f815dc1",
    "dist/core/policies/filesystem.toml": "2fffd36838c260f63857cb0c43f4701a102b67279498c9465b489e9d32cd253c",
    "dist/core/policies/git.toml": "723a975f015dbee208bd0ac6c1b51247bd996c2406a0adf8e8ae79cc4a30c4c6",
    "dist/core/policies/network.toml": "01d6c31aef32a0ad55114af5d02a4f16f8a47235dbab0eda64e7f9fb66c9c07e",
    "dist/core/policies/production.toml": "79b8896f4fa4217b42acaa44f1040dcc8d741c4dff9116afc361bad76d15dd15",
    "dist/core/policies/project-tracking.toml": "fe638412fde006b57efec599d6c0e00d34b0f05995621230009c5a6aa3db5075",
    "dist/core/policies/tooling.toml": "baa9e9d134e01d7c0c40a3b9ab404f5ee6f75ec4706c67e945d0aef845b4d17d",
    "dist/core/project/issue-contract.md": "82dd87c1f3ca7e4abf1eec047887ed127f8654ffb9c0946cb884707ff7b86b05",
    "dist/core/project/pr-contract.md": "d39ab96fec7fe6d45ad93a8c2d418502955fbf3ef3251aef96569283e59a5c93",
    "dist/core/project/project-fields.toml": "e9c7c440ad080a581c13b1fd7e9d9d1d18b35435fbb7f70f284c89907880fad5",
    "dist/core/project/registry.schema.json": "b6909207c406f256e2ab128e6cf4e15613b302775427790ae69016f2da69e99c",
    "dist/core/quality/evidence.toml": "3ecc43a8ea6d50142f87b09b47ec8013932f0c63ec6c90722d90f8adfd6fe842",
    "dist/core/quality/profiles.toml": "c2e7cd06a8902e78c5f9a3830e27790165632474c07e85595cd6c6a37ce79cfa",
    "dist/core/quality/quality-report.schema.json": "96ddae064158cd8138723364e99a617a41ce9d0d785ebca533ae8cf423f25df3",
    "dist/core/quality/ratchet.toml": "662df3dbf56265581da615741694b539627c051c0f1a3ca0ba56b78d1cc980d9",
    "dist/core/security/infrastructure.toml": "d2c7a866c1ada36e992e14a6bfa14fda00e37c0a1fd3a323e05665a640089623",
    "dist/core/security/policy.toml": "99da2c87b2789989071dca5ce7ac99cc82a1dedefff8bf3f70854cd717b032d2",
    "dist/core/security/security-report.schema.json": "eff24870cb55133559e0d3f23741b7b8d478d13b9c4a7337bdb36bd2438823d7",
    "dist/core/workflow/acceptance.schema.json": "ea59b49a65c9c4235a2992ce45cb0387213ae870c3281211a0e5ca4f086e50fd",
    "dist/core/workflow/classification.toml": "c222350b76584f0fc07bb3cffeb2230abe6a3750e4d2f43ef2b72d560ddfc5ef",
    "dist/core/workflow/completion.toml": "001c72b936a41a6cc06eb1559ec9eeda4db22790111e3291255da2d6b52d0c75",
    "dist/core/workflow/lifecycle.toml": "6cb063d489c2e6b31fdab8af7a58ac128b60dc036da473f27ab2748337aaa033",
    "dist/core/workflow/task-state.schema.json": "52beae86d2f295d4a6b0a667ff684bc633e19cb3eeb9852e1c73434ee782145c",
    "dist/cursor/sandbox.json": "cf8c11cbaea08060f087de8f7a15627c31b2b13ef5357de6fc5279a8eeb44bf9",
    "dist/hooks/claude_event.py": "4c2b98fbb8663aafab1d5c68f8ea4765d4c4bcfc0195dc7614ca6ccdc0bb1a2c",
    "dist/hooks/nexus_event.py": "961bef08e7707ae561c7f3fc5450277ad106afafbf0b0044cb2780d33f4c79d8",
    "dist/src/nexus_harness/__init__.py": "01ba4719c80b6fe911b091a7c05124b64eeece964e09c058ef8f9805daca546b",
    "dist/src/nexus_harness/__main__.py": "0720ebc455c0df5aeaa101790f56ce83de9926f06c1eb7bcadd965ea33e44569",
    "dist/src/nexus_harness/adapters.py": "72e4929fe04d1afca2a4b680a29c9713b490d78cd4296e1fb26b7cd7edceeaf8",
    "dist/src/nexus_harness/affected.py": "1e1ed73f492668ec63e5e86e47dc1c831fcfce981cf59b990076db6127933814",
    "dist/src/nexus_harness/build.py": "a2318f4b121d892a2b9db501f5e3f14ee5fe59b46b798f2b16ed012b35b75179",
    "dist/src/nexus_harness/ci.py": "5f1fce9ea0053155cec2440a0f81731b62e58bdfdbd747e64854da11dc47ecc7",
    "dist/src/nexus_harness/command.py": "23f5a20b830406daa90fb0cb6dff8c9fd99c35b76fd5a0d984702f55287aae7e",
    "dist/src/nexus_harness/compile.py": "02781e7f1db41bee647e3961e04d87484f4470055f922967c3bbc4ceb1f13ab3",
    "dist/src/nexus_harness/completion.py": "c810ddefaa2874ebfb33f38077eeaec38112e01956f96706234e1c2957d2b8bc",
    "dist/src/nexus_harness/config.py": "d7b900f819a1bd05d71f8adf96e3f1d84698898e7c3dec2a2b675dcbae88a757",
    "dist/src/nexus_harness/deploy_contract.py": "afa2581c394297965f564e3ed404d217e0b933410fcdef7dc709415bed06c97a",
    "dist/src/nexus_harness/deploy_manifest.py": "41fa83e031c7e3858226239c85053c0a23edb6754013c6faa413c217ba0d212b",
    "dist/src/nexus_harness/evidence.py": "cc310526408aba4e335a29870d5e9e19dddfd62397ebf089e704f5f4417328ef",
    "dist/src/nexus_harness/failures.py": "c84cd5d35e227639dd0bb6665b8ca56a912a9aee89c9853db77d81f134de9283",
    "dist/src/nexus_harness/github.py": "117c9a5777d8ea1e1da88cbb31d45fe58f9b083d4781bdea0be1aed53bae4f8f",
    "dist/src/nexus_harness/graph.py": "5dbc8a8a5eda70bbd3ebc28eb25267eee887efd1819934e822dd4ba9120e0d8e",
    "dist/src/nexus_harness/hooks.py": "a044ca685e302f01fc086eca3fca830cb0aaabda32ddab15baaa635d00a1a6b5",
    "dist/src/nexus_harness/infra.py": "473167148990e58e4ba49e21b747d2151be6d7c96f35fd787acbe7ae862dbce4",
    "dist/src/nexus_harness/install.py": "cd8d981a943ebdc8129f56ae0e2f528ce90717155b6663cdf1ae4a7d690ec267",
    "dist/src/nexus_harness/inventory.py": "4a356a3f204472343a30bebc8094cfb60638733b806c96824f1550602eb640ec",
    "dist/src/nexus_harness/lockfile.py": "ad8b911af55f04bc28a6524a0daebe57cb052d11c4e84f8b847ba28d40cf90a3",
    "dist/src/nexus_harness/memory/__init__.py": "94e1aacbd76067d16f50c5b029c3764c335d1cf7eafc8ff8954def190bb5148f",
    "dist/src/nexus_harness/memory/capsule.py": "1f6656908f4134706192902f3e1b162fa588ca9f85b39cb69bee798f9451ce79",
    "dist/src/nexus_harness/memory/cli.py": "9acf9dbbb675d6f3684eca83769ff59e86abd86cb5a679cf6abd36326c63f473",
    "dist/src/nexus_harness/memory/doctor.py": "0c1ad7f0185df8aff31395d3bc28ad17ce71a55aa4962872df0363a6fcce1c8c",
    "dist/src/nexus_harness/memory/freshness.py": "1745cc93c2a0bcaca2d5ef2a682805076078432f921d1c44b49b2e360da40a9d",
    "dist/src/nexus_harness/memory/guard.py": "c574d1a900189cbbf6d21a9ec113c4755fb5e9aab8237046c60c4ee654fc2251",
    "dist/src/nexus_harness/memory/lifecycle.py": "f5526b65cbbaffd64537658db63f2589a64dc6b9ba6cdc71b497b353db8183dd",
    "dist/src/nexus_harness/memory/models.py": "4bd915b8baceccb7736fa74b433341baf8486de52bf9b25c84fea7830434d614",
    "dist/src/nexus_harness/memory/portfolio.py": "d0be115c07b1b4fb48b7bd5b083171b33a2ce97fd67474cf253993455f871a83",
    "dist/src/nexus_harness/memory/retrieval.py": "81dc2b3463709e256eb44cd19834939b87d71d758eb3c9d7340e8247527907d0",
    "dist/src/nexus_harness/memory/session.py": "145d9ed693015f5cdbefaae0a94f790bc118ad6be7c2544b21e18532cbf05452",
    "dist/src/nexus_harness/memory/store.py": "f726246562f2544af11a16d25c10f130142ed495a509e011f15648c51fb5e196",
    "dist/src/nexus_harness/migrate.py": "5f411624cb91fec827c1c1c7fc4feff99185e8e60b44c9e65674ddf5e9d923f8",
    "dist/src/nexus_harness/pretool.py": "04e6b4070106fd5e23e5fb61bc1f97b2bbbe2da83f6dbc4671ffbf60b8aac29a",
    "dist/src/nexus_harness/project.py": "29aec9bc01517827720b359caf89167f6eae4b59bef8cd216f8abfb9f6d3711a",
    "dist/src/nexus_harness/quality.py": "6ee561a41808b0e9bef405620d988c97024da0211b425bcf4230c3f2ebaf4576",
    "dist/src/nexus_harness/runtime_claude.py": "1f827e4da687f311d686d0bb91cf3f5d6a888f892dd6ffdc4eab797a1711dc1c",
    "dist/src/nexus_harness/runtime_codex.py": "41c28c1814d820f6a34100130fc1ea717f3d07dbb2a1fbfbe61e11f7bb070779",
    "dist/src/nexus_harness/runtime_common.py": "ab1fb420c7d2ee09832133d0bab0b5cef590a77901dac863045145ef238492bb",
    "dist/src/nexus_harness/runtime_cursor.py": "03d80842e62f81101214c69afba7212b3811921c1edd584bcb69ed1d9330bdaf",
    "dist/src/nexus_harness/runtime_home.py": "0516cbf2965ac904b705303cf2f74572bc11b1e723b545510edd9044be4340c2",
    "dist/src/nexus_harness/safe.py": "7df4fb7b06326fd9f221fb2bc91c65bd2ed72ace2ec4803c76cd4a89e109a12c",
    "dist/src/nexus_harness/security.py": "51a61aa40019ca6f4e131d91258d6d82e1c8e2e3374cbc687b580de1464e0ef9",
    "dist/src/nexus_harness/skills.py": "f0612f10a821bc1ad804bc72bc4d18d34295d1071b00fe1b1b03606d2956ae85",
    "dist/src/nexus_harness/state.py": "641f5bef6bc5da11488ca7c33d093d0f08ec2968e403328f5d3b110ce9b3015c",
    "dist/src/nexus_harness/tooling.py": "106b7f5c7c7181f38f1ab1c9b7ca10a0dd90699d82501fa6d2cdaddbaa074409",
    "dist/src/nexus_harness/validate.py": "2dc3994e1ec29977a4d79d6daf12d8050e367aafbe326aa0d948ab9a00da56ea",
    "dist/src/nexus_harness/workflow.py": "7599763db916f99b45243bfe12cd6a3162c2315319bc6e4cdbd719d94ad442ba"
  },
  "schema_version": 1
}
