{
  "adapter_versions": {
    "claude": 1,
    "codex": 1,
    "cursor": 1
  },
  "canonical_hashes": {
    "core/ci/deploy-manifest.schema.json": "726cc850c06647a5d89a678d663780ba8ecea101b32f537ce72c9d705d803c44",
    "core/ci/profile.schema.json": "c4840da639ecc7fe9bb87f0cb71b048c243e04c3718024fe52599476e387c0e8",
    "core/constitution.md": "745eb2b54c9a2ef672985616b72bc3e707cba0bb2ad976c5f5d807f1cda8e6ab",
    "core/graph/graph.schema.json": "3a3959ea76c8904a133c63cdc0331d18a6b2cd09b4dde1bd9759d4cf150c84f3",
    "core/graph/impact.toml": "b55cfbfa7f1d7cc9e0d4a4fb1f0b1f73fbc81c5921deabf90b761c5226d6ae48",
    "core/graph/locks.toml": "132bc1228958ebc3056a9fc95de4d606877f484276d7b4df0d38285e2a10e52c",
    "core/graph/scheduler.toml": "f51c17bcb030b598c9ccdff172ad7934f3f827850e8b7c81e68ffec7c4f78437",
    "core/memory/memory-policy.toml": "1b1ed895dd77bbf9f2af355a27338ab442d8004553a21fb5fbd340bedf5b8620",
    "core/memory/memory-record.schema.json": "d5327b5d9fa351fd5978d082bbf75b745b1a1e7733601126e59ad595ea0f95e7",
    "core/memory/retrieval-policy.toml": "ed37b3eb52adf871c7e4255904ca1db11e8702987396fc5e468ce01f4ebbf45a",
    "core/observability/incidents.toml": "53b3af52a4269c9d88ee692548a7e5fbad6570ec0d5f5d9a467627f4e8bf009d",
    "core/observability/posthog.toml": "f58de6bd919a486df20e6cb4b95892c561253861f7279ba3f6db45be9b955cc9",
    "core/policies/approvals.toml": "bc5c90e7170ca4373925002fd51130775808f0c846377699666cb9cd864e93d1",
    "core/policies/autonomy.toml": "e41301b8c218333809c0335b417b42b889828eb89cb3f87d2e6716f08f815dc1",
    "core/policies/filesystem.toml": "2fffd36838c260f63857cb0c43f4701a102b67279498c9465b489e9d32cd253c",
    "core/policies/git.toml": "723a975f015dbee208bd0ac6c1b51247bd996c2406a0adf8e8ae79cc4a30c4c6",
    "core/policies/network.toml": "01d6c31aef32a0ad55114af5d02a4f16f8a47235dbab0eda64e7f9fb66c9c07e",
    "core/policies/production.toml": "79b8896f4fa4217b42acaa44f1040dcc8d741c4dff9116afc361bad76d15dd15",
    "core/policies/project-tracking.toml": "fe638412fde006b57efec599d6c0e00d34b0f05995621230009c5a6aa3db5075",
    "core/policies/tooling.toml": "baa9e9d134e01d7c0c40a3b9ab404f5ee6f75ec4706c67e945d0aef845b4d17d",
    "core/project/issue-contract.md": "49dbb3c91853f5d45635392b84ea25b7b5840852ba7c278e499a0fcbffdf81e7",
    "core/project/pr-contract.md": "7a86c8a2b037319fc171995995008ef785c1a5c2a7fa0a0e655e2b635e0bfd85",
    "core/project/project-fields.toml": "3254f322955130df7bb252a0e5c37fdba56af369aee4d02271e9e2e8306dda37",
    "core/project/registry.schema.json": "b6909207c406f256e2ab128e6cf4e15613b302775427790ae69016f2da69e99c",
    "core/quality/evidence.toml": "3ecc43a8ea6d50142f87b09b47ec8013932f0c63ec6c90722d90f8adfd6fe842",
    "core/quality/frontend.toml": "34c9b022f8c3b5d7b53f04bc40737621116e825ea39e4333343343af829091f8",
    "core/quality/profiles.toml": "c2e7cd06a8902e78c5f9a3830e27790165632474c07e85595cd6c6a37ce79cfa",
    "core/quality/quality-report.schema.json": "674ae2400069a02b7c1585dbe2da4b2222e442c7bba40cf572700ac52f309d41",
    "core/quality/ratchet.toml": "662df3dbf56265581da615741694b539627c051c0f1a3ca0ba56b78d1cc980d9",
    "core/quality/visual-evidence.schema.json": "c9c07704bfec18a17fc642b0d2f273175d19d0ad9160bafa4831c80aa3776a5c",
    "core/security/infrastructure.toml": "d2c7a866c1ada36e992e14a6bfa14fda00e37c0a1fd3a323e05665a640089623",
    "core/security/policy.toml": "79227e7fef0515ed4c379a9aa62bd8276ae97b462b2199bee4b50cce63829a55",
    "core/security/security-report.schema.json": "f44721dc7b1783eacda4872a175d48bd8808317eb12a6dac7a23f189502e1f90",
    "core/workflow/acceptance.schema.json": "ea59b49a65c9c4235a2992ce45cb0387213ae870c3281211a0e5ca4f086e50fd",
    "core/workflow/classification.toml": "c222350b76584f0fc07bb3cffeb2230abe6a3750e4d2f43ef2b72d560ddfc5ef",
    "core/workflow/completion.toml": "0cc69ffde89f5de71d54e6200f15f8db45e21873aa36b4f735432ff7b5ac473e",
    "core/workflow/lifecycle.toml": "6cb063d489c2e6b31fdab8af7a58ac128b60dc036da473f27ab2748337aaa033",
    "core/workflow/task-state.schema.json": "e1155066cb77a3c074955a0b81867c02a1e14a1fd324598569569656ad62971a",
    "profiles/default.toml": "b6d17e544bc1c72d6c4d7d741543cb603a2bb114957b10fb9138b72fe738993a",
    "profiles/projects/sdr-platform.toml": "7d100013799cef722c7e2a9d06fc21ce5ac231b32e72d57e94b65e96b4e40505",
    "skills/accessibility/SKILL.md": "f834e9514c291e0eb36915c160dec5c4901ea9e601819e196b69073115bf1147",
    "skills/accessibility/references/focus-and-keyboard.md": "9ba63027fa8f1b53e4947ee3341e0580347121f3ccb7698f2936d33563ffa4ba",
    "skills/accessibility/references/forms.md": "b08451ee17861cae49553ba71a122be80c21197087efcc43137862a1db2c5c34",
    "skills/accessibility/references/hit-areas.md": "8c0982229cc01aee419e9c80a4085d5c59a0e7b2b16a4f616a12e9fa0fa094f5",
    "skills/accessibility/references/motion-and-zoom.md": "3efc88394bc958a6e88ecbc8c8e37999df7de0e19730e5784d0e9e5efda696ee",
    "skills/accessibility/references/screen-readers.md": "a35b69db4568e74351a28606328505773f9a1e9ec370e92fbfb2117543c3637a",
    "skills/accessibility/references/semantics-and-aria.md": "e663b6708ac7f4d4d88e884c604cc3e99c1b424ae78209cf4e2430f4966d39b6",
    "skills/nexus-frontend/SKILL.md": "f36e08e66889cacec4df7506616d720bb80f6e157305bd3475c37601f795895e",
    "skills/nexus-frontend/references/motion-policy.md": "990ed48f0f0f047476f033bb65c327ffc2ad0bb0e9e5483e04000143d23b40be",
    "skills/nexus-frontend/references/router.md": "ac0503ba3411424e709475a0d776d8d0f2cd0635fe8cf56c9d2c036cd6512d4c",
    "skills/nexus-handoff/SKILL.md": "74e0936af95d4b7844b5958baab0bef8db9185798dc7f52cb0685af974c1130b",
    "skills/nexus-quality/SKILL.md": "e5b14be82e012def4a8732100541cf0e251e79fe49693e926a727ea74a799506",
    "skills/nexus-ship/SKILL.md": "81ec2649e6fc468304b779eb2411d249f282ab5451a791dcb567cd09c78f1651",
    "skills/nexus-verify/SKILL.md": "2880bd804ad3864a016ca292f1df719760afdd1694c97af27d4a64d5138907b1",
    "skills/nexus-workflow/SKILL.md": "5f3fc683384a60d4b6d79925080a9494b813cda3b557a36223b9551394859ea1",
    "upstream/vendor-lock.json": "61cd88fd214ac8b6fd43b1f7a63afdb05f80a9bb258908fefb19b263e9f3b7f7"
  },
  "engine_hashes": {
    "dist/src/nexus_harness/__init__.py": "01ba4719c80b6fe911b091a7c05124b64eeece964e09c058ef8f9805daca546b",
    "dist/src/nexus_harness/__main__.py": "36e4b1ac1031dd69d2f2287bed2ba682ba2bdf790ee4f25e13ef234ae810202b",
    "dist/src/nexus_harness/adapters.py": "72e4929fe04d1afca2a4b680a29c9713b490d78cd4296e1fb26b7cd7edceeaf8",
    "dist/src/nexus_harness/affected.py": "267b735b605cf6cedcc4a14f1b18ef671bd85512fb160b4f3e8052931870caea",
    "dist/src/nexus_harness/build.py": "a2318f4b121d892a2b9db501f5e3f14ee5fe59b46b798f2b16ed012b35b75179",
    "dist/src/nexus_harness/ci.py": "5f1fce9ea0053155cec2440a0f81731b62e58bdfdbd747e64854da11dc47ecc7",
    "dist/src/nexus_harness/command.py": "23f5a20b830406daa90fb0cb6dff8c9fd99c35b76fd5a0d984702f55287aae7e",
    "dist/src/nexus_harness/compile.py": "480cd2239e41dd20e52d08f7efb96a87e100ccfe7b7d0be241284eb052f44d74",
    "dist/src/nexus_harness/completion.py": "97c702c9bf11d4c98407ed5eb42b98f1c8f3212113fc586752357d6d24b1a15e",
    "dist/src/nexus_harness/config.py": "d7b900f819a1bd05d71f8adf96e3f1d84698898e7c3dec2a2b675dcbae88a757",
    "dist/src/nexus_harness/deploy_contract.py": "afa2581c394297965f564e3ed404d217e0b933410fcdef7dc709415bed06c97a",
    "dist/src/nexus_harness/deploy_manifest.py": "faebd96963f517dda9e8e972761be979c8e37086b44a3fb6538834dc4b6c45f1",
    "dist/src/nexus_harness/devserver.py": "449d919fa2aa00df1b4e808586660481615823df0b1618283979b7c0206957b3",
    "dist/src/nexus_harness/evidence.py": "12a644ba20130502a281b39cacd2acbd91a4a95e3565bdadf926d356c89ea0cf",
    "dist/src/nexus_harness/failures.py": "c84cd5d35e227639dd0bb6665b8ca56a912a9aee89c9853db77d81f134de9283",
    "dist/src/nexus_harness/frontend_review.py": "fa696fc1b1381119bf1bc240b3ba66f486107084f366364d5ac223b99ea0931b",
    "dist/src/nexus_harness/github.py": "eea83803ba75f03093b006822b35f0ed68cec48d83eaa3627ab5ddda61f38794",
    "dist/src/nexus_harness/graph.py": "5dbc8a8a5eda70bbd3ebc28eb25267eee887efd1819934e822dd4ba9120e0d8e",
    "dist/src/nexus_harness/hierarchy.py": "59a4a818fca2ae4c152c678e6eae21607882757cc31e2357f788ff26b7073b2a",
    "dist/src/nexus_harness/hooks.py": "a044ca685e302f01fc086eca3fca830cb0aaabda32ddab15baaa635d00a1a6b5",
    "dist/src/nexus_harness/incident_issue.py": "43e45697c0abee0c921dc74588807c7224460b9578e96f23fb2e89144b38878d",
    "dist/src/nexus_harness/incident_policy.py": "76652c6363f836b627e91f155a297ac6d2fabbd7a8849d2f2c170df483b82398",
    "dist/src/nexus_harness/incidents.py": "6691332b26a7709b734849db7da61af8cb98fca77937fbb84e63c62f57cf572a",
    "dist/src/nexus_harness/infra.py": "473167148990e58e4ba49e21b747d2151be6d7c96f35fd787acbe7ae862dbce4",
    "dist/src/nexus_harness/install.py": "6061b35a01c4f3edc7c024a49070e3b260ca3e2617b35501f51667a37f3d8b02",
    "dist/src/nexus_harness/inventory.py": "4a356a3f204472343a30bebc8094cfb60638733b806c96824f1550602eb640ec",
    "dist/src/nexus_harness/lockfile.py": "b8bd491aa0e5bc63ff0427d2b3a9a5f428b408fa092d029cda7cf5360bec7654",
    "dist/src/nexus_harness/memory/__init__.py": "94e1aacbd76067d16f50c5b029c3764c335d1cf7eafc8ff8954def190bb5148f",
    "dist/src/nexus_harness/memory/capsule.py": "2151091b1b4eaad157a5cf020325dc4ad2ea6d12f776f29ec2b7265c51551080",
    "dist/src/nexus_harness/memory/cli.py": "9acf9dbbb675d6f3684eca83769ff59e86abd86cb5a679cf6abd36326c63f473",
    "dist/src/nexus_harness/memory/doctor.py": "0c1ad7f0185df8aff31395d3bc28ad17ce71a55aa4962872df0363a6fcce1c8c",
    "dist/src/nexus_harness/memory/freshness.py": "1745cc93c2a0bcaca2d5ef2a682805076078432f921d1c44b49b2e360da40a9d",
    "dist/src/nexus_harness/memory/guard.py": "c574d1a900189cbbf6d21a9ec113c4755fb5e9aab8237046c60c4ee654fc2251",
    "dist/src/nexus_harness/memory/lifecycle.py": "f5526b65cbbaffd64537658db63f2589a64dc6b9ba6cdc71b497b353db8183dd",
    "dist/src/nexus_harness/memory/models.py": "4bd915b8baceccb7736fa74b433341baf8486de52bf9b25c84fea7830434d614",
    "dist/src/nexus_harness/memory/portfolio.py": "d0be115c07b1b4fb48b7bd5b083171b33a2ce97fd67474cf253993455f871a83",
    "dist/src/nexus_harness/memory/retrieval.py": "81dc2b3463709e256eb44cd19834939b87d71d758eb3c9d7340e8247527907d0",
    "dist/src/nexus_harness/memory/session.py": "145d9ed693015f5cdbefaae0a94f790bc118ad6be7c2544b21e18532cbf05452",
    "dist/src/nexus_harness/memory/store.py": "f726246562f2544af11a16d25c10f130142ed495a509e011f15648c51fb5e196",
    "dist/src/nexus_harness/migrate.py": "4600798e6ba513aba3e024d689310d0fd80fa873959e35bbce67769cfc04e3e1",
    "dist/src/nexus_harness/observability.py": "3656ca5ec5ee6d641919582dcc0aa11bec0a95d10b603b6462b14f3f62ba7de6",
    "dist/src/nexus_harness/playwright.py": "119f13e292de01e2ca5981fc822a6e68c18aa8c08db2cf09bb6b6fbc542758a6",
    "dist/src/nexus_harness/postdeploy.py": "1d5e29b82a886edda82172df3d09d0c0f43f21fbba70d988b4a70a8048d955b7",
    "dist/src/nexus_harness/posthog.py": "2ddacae71583d7671f5dacd64f106cc86e8385f562e2930c69e4670acf983976",
    "dist/src/nexus_harness/pretool.py": "04e6b4070106fd5e23e5fb61bc1f97b2bbbe2da83f6dbc4671ffbf60b8aac29a",
    "dist/src/nexus_harness/project.py": "29aec9bc01517827720b359caf89167f6eae4b59bef8cd216f8abfb9f6d3711a",
    "dist/src/nexus_harness/project_doc.py": "3118e4a4743907866a4188ee09863cadbb8c46d3518519e18b01116b78c7d596",
    "dist/src/nexus_harness/project_sync.py": "15021d373c5776d98c14f898cc2c0b294095bb5c97b9a409df69d542d45a09f4",
    "dist/src/nexus_harness/pull_request.py": "dd4d738e5e7a2f756281d325cd998966aadeddbe3349591794d1ecbc3ab24ac4",
    "dist/src/nexus_harness/quality.py": "1b44eb0c4ee623f9534d5bf1bfc25669c0d27168084b172b79b8d0694eebe5b5",
    "dist/src/nexus_harness/runtime_claude.py": "1f827e4da687f311d686d0bb91cf3f5d6a888f892dd6ffdc4eab797a1711dc1c",
    "dist/src/nexus_harness/runtime_codex.py": "41c28c1814d820f6a34100130fc1ea717f3d07dbb2a1fbfbe61e11f7bb070779",
    "dist/src/nexus_harness/runtime_common.py": "ab1fb420c7d2ee09832133d0bab0b5cef590a77901dac863045145ef238492bb",
    "dist/src/nexus_harness/runtime_cursor.py": "03d80842e62f81101214c69afba7212b3811921c1edd584bcb69ed1d9330bdaf",
    "dist/src/nexus_harness/runtime_home.py": "0516cbf2965ac904b705303cf2f74572bc11b1e723b545510edd9044be4340c2",
    "dist/src/nexus_harness/safe.py": "7df4fb7b06326fd9f221fb2bc91c65bd2ed72ace2ec4803c76cd4a89e109a12c",
    "dist/src/nexus_harness/security.py": "c395cf6955f6f3b9c4a4a65128fdcdd4e3d5550530ea131afd804934332e57d0",
    "dist/src/nexus_harness/serialize.py": "645a81bdfbd6de511f337e06178e3f46cdcea1ca537cf76c6ff9f793b082d522",
    "dist/src/nexus_harness/skills.py": "f0612f10a821bc1ad804bc72bc4d18d34295d1071b00fe1b1b03606d2956ae85",
    "dist/src/nexus_harness/state.py": "fb5b3a961bcb07fec01989c12b3246122a7d6ffeafbf78107a46a7377ce1c42b",
    "dist/src/nexus_harness/tooling.py": "106b7f5c7c7181f38f1ab1c9b7ca10a0dd90699d82501fa6d2cdaddbaa074409",
    "dist/src/nexus_harness/tracking.py": "8c847d35199b3e2f061504fdb67b74676c7a70ff78020f575f73d74a32369940",
    "dist/src/nexus_harness/validate.py": "7c69f6dc3831d8e588002d113ada7dd8f0798214bc7bb5d8a86224858800a4a1",
    "dist/src/nexus_harness/visual.py": "f001437ff390b612a128420ed6b775c9556b6b5b5fbddb29471945105a711b53",
    "dist/src/nexus_harness/workflow.py": "7599763db916f99b45243bfe12cd6a3162c2315319bc6e4cdbd719d94ad442ba"
  },
  "generated_hashes": {
    "dist/.cursor/rules/nexus-workflow.mdc": "7d14af02f0c0bbf3511055825cb5ae8fe3f6863379df1367ac552a32747014a8",
    "dist/AGENTS.md": "94825ed42ff3f3eee7ce3ebd6911fa97559675d101f1aa87a3904a26ce5f023f",
    "dist/USER_RULES.md": "7d14af02f0c0bbf3511055825cb5ae8fe3f6863379df1367ac552a32747014a8",
    "dist/claude/CLAUDE.md": "1622b2c64f8925bb5c9000472d187f92c7be1fb280a588e4f1dd0921b67eac61",
    "dist/claude/settings.json": "8a7e690d0e0d099a189a1f0f09d5801b93f8ee258176396fc1b98a3fd0f8fc73",
    "dist/codex/config.toml": "b162b288d654a2a2bb5974b32c0166d534babdbf12f8c5caecb99cddad5190ba",
    "dist/core/ci/deploy-manifest.schema.json": "726cc850c06647a5d89a678d663780ba8ecea101b32f537ce72c9d705d803c44",
    "dist/core/ci/profile.schema.json": "c4840da639ecc7fe9bb87f0cb71b048c243e04c3718024fe52599476e387c0e8",
    "dist/core/constitution.md": "745eb2b54c9a2ef672985616b72bc3e707cba0bb2ad976c5f5d807f1cda8e6ab",
    "dist/core/graph/graph.schema.json": "3a3959ea76c8904a133c63cdc0331d18a6b2cd09b4dde1bd9759d4cf150c84f3",
    "dist/core/graph/impact.toml": "b55cfbfa7f1d7cc9e0d4a4fb1f0b1f73fbc81c5921deabf90b761c5226d6ae48",
    "dist/core/graph/locks.toml": "132bc1228958ebc3056a9fc95de4d606877f484276d7b4df0d38285e2a10e52c",
    "dist/core/graph/scheduler.toml": "f51c17bcb030b598c9ccdff172ad7934f3f827850e8b7c81e68ffec7c4f78437",
    "dist/core/memory/memory-policy.toml": "1b1ed895dd77bbf9f2af355a27338ab442d8004553a21fb5fbd340bedf5b8620",
    "dist/core/memory/memory-record.schema.json": "d5327b5d9fa351fd5978d082bbf75b745b1a1e7733601126e59ad595ea0f95e7",
    "dist/core/memory/retrieval-policy.toml": "ed37b3eb52adf871c7e4255904ca1db11e8702987396fc5e468ce01f4ebbf45a",
    "dist/core/observability/incidents.toml": "53b3af52a4269c9d88ee692548a7e5fbad6570ec0d5f5d9a467627f4e8bf009d",
    "dist/core/observability/posthog.toml": "f58de6bd919a486df20e6cb4b95892c561253861f7279ba3f6db45be9b955cc9",
    "dist/core/policies/approvals.toml": "bc5c90e7170ca4373925002fd51130775808f0c846377699666cb9cd864e93d1",
    "dist/core/policies/autonomy.toml": "e41301b8c218333809c0335b417b42b889828eb89cb3f87d2e6716f08f815dc1",
    "dist/core/policies/filesystem.toml": "2fffd36838c260f63857cb0c43f4701a102b67279498c9465b489e9d32cd253c",
    "dist/core/policies/git.toml": "723a975f015dbee208bd0ac6c1b51247bd996c2406a0adf8e8ae79cc4a30c4c6",
    "dist/core/policies/network.toml": "01d6c31aef32a0ad55114af5d02a4f16f8a47235dbab0eda64e7f9fb66c9c07e",
    "dist/core/policies/production.toml": "79b8896f4fa4217b42acaa44f1040dcc8d741c4dff9116afc361bad76d15dd15",
    "dist/core/policies/project-tracking.toml": "fe638412fde006b57efec599d6c0e00d34b0f05995621230009c5a6aa3db5075",
    "dist/core/policies/tooling.toml": "baa9e9d134e01d7c0c40a3b9ab404f5ee6f75ec4706c67e945d0aef845b4d17d",
    "dist/core/project/issue-contract.md": "49dbb3c91853f5d45635392b84ea25b7b5840852ba7c278e499a0fcbffdf81e7",
    "dist/core/project/pr-contract.md": "7a86c8a2b037319fc171995995008ef785c1a5c2a7fa0a0e655e2b635e0bfd85",
    "dist/core/project/project-fields.toml": "3254f322955130df7bb252a0e5c37fdba56af369aee4d02271e9e2e8306dda37",
    "dist/core/project/registry.schema.json": "b6909207c406f256e2ab128e6cf4e15613b302775427790ae69016f2da69e99c",
    "dist/core/quality/evidence.toml": "3ecc43a8ea6d50142f87b09b47ec8013932f0c63ec6c90722d90f8adfd6fe842",
    "dist/core/quality/frontend.toml": "34c9b022f8c3b5d7b53f04bc40737621116e825ea39e4333343343af829091f8",
    "dist/core/quality/profiles.toml": "c2e7cd06a8902e78c5f9a3830e27790165632474c07e85595cd6c6a37ce79cfa",
    "dist/core/quality/quality-report.schema.json": "674ae2400069a02b7c1585dbe2da4b2222e442c7bba40cf572700ac52f309d41",
    "dist/core/quality/ratchet.toml": "662df3dbf56265581da615741694b539627c051c0f1a3ca0ba56b78d1cc980d9",
    "dist/core/quality/visual-evidence.schema.json": "c9c07704bfec18a17fc642b0d2f273175d19d0ad9160bafa4831c80aa3776a5c",
    "dist/core/security/infrastructure.toml": "d2c7a866c1ada36e992e14a6bfa14fda00e37c0a1fd3a323e05665a640089623",
    "dist/core/security/policy.toml": "79227e7fef0515ed4c379a9aa62bd8276ae97b462b2199bee4b50cce63829a55",
    "dist/core/security/security-report.schema.json": "f44721dc7b1783eacda4872a175d48bd8808317eb12a6dac7a23f189502e1f90",
    "dist/core/workflow/acceptance.schema.json": "ea59b49a65c9c4235a2992ce45cb0387213ae870c3281211a0e5ca4f086e50fd",
    "dist/core/workflow/classification.toml": "c222350b76584f0fc07bb3cffeb2230abe6a3750e4d2f43ef2b72d560ddfc5ef",
    "dist/core/workflow/completion.toml": "0cc69ffde89f5de71d54e6200f15f8db45e21873aa36b4f735432ff7b5ac473e",
    "dist/core/workflow/lifecycle.toml": "6cb063d489c2e6b31fdab8af7a58ac128b60dc036da473f27ab2748337aaa033",
    "dist/core/workflow/task-state.schema.json": "e1155066cb77a3c074955a0b81867c02a1e14a1fd324598569569656ad62971a",
    "dist/cursor/sandbox.json": "cf8c11cbaea08060f087de8f7a15627c31b2b13ef5357de6fc5279a8eeb44bf9",
    "dist/hooks/claude_event.py": "4c2b98fbb8663aafab1d5c68f8ea4765d4c4bcfc0195dc7614ca6ccdc0bb1a2c",
    "dist/hooks/nexus_event.py": "961bef08e7707ae561c7f3fc5450277ad106afafbf0b0044cb2780d33f4c79d8"
  },
  "schema_version": 1
}
