{
  "adapter_versions": {
    "claude": 1,
    "codex": 1,
    "cursor": 1
  },
  "canonical_hashes": {
    "core/constitution.md": "745eb2b54c9a2ef672985616b72bc3e707cba0bb2ad976c5f5d807f1cda8e6ab",
    "core/graph/graph.schema.json": "3a3959ea76c8904a133c63cdc0331d18a6b2cd09b4dde1bd9759d4cf150c84f3",
    "core/graph/impact.toml": "b55cfbfa7f1d7cc9e0d4a4fb1f0b1f73fbc81c5921deabf90b761c5226d6ae48",
    "core/graph/locks.toml": "132bc1228958ebc3056a9fc95de4d606877f484276d7b4df0d38285e2a10e52c",
    "core/graph/scheduler.toml": "f51c17bcb030b598c9ccdff172ad7934f3f827850e8b7c81e68ffec7c4f78437",
    "core/policies/approvals.toml": "bc5c90e7170ca4373925002fd51130775808f0c846377699666cb9cd864e93d1",
    "core/policies/autonomy.toml": "e41301b8c218333809c0335b417b42b889828eb89cb3f87d2e6716f08f815dc1",
    "core/policies/filesystem.toml": "2fffd36838c260f63857cb0c43f4701a102b67279498c9465b489e9d32cd253c",
    "core/policies/git.toml": "723a975f015dbee208bd0ac6c1b51247bd996c2406a0adf8e8ae79cc4a30c4c6",
    "core/policies/network.toml": "01d6c31aef32a0ad55114af5d02a4f16f8a47235dbab0eda64e7f9fb66c9c07e",
    "core/policies/production.toml": "79b8896f4fa4217b42acaa44f1040dcc8d741c4dff9116afc361bad76d15dd15",
    "core/policies/project-tracking.toml": "fe638412fde006b57efec599d6c0e00d34b0f05995621230009c5a6aa3db5075",
    "core/policies/tooling.toml": "baa9e9d134e01d7c0c40a3b9ab404f5ee6f75ec4706c67e945d0aef845b4d17d",
    "core/project/issue-contract.md": "82dd87c1f3ca7e4abf1eec047887ed127f8654ffb9c0946cb884707ff7b86b05",
    "core/project/pr-contract.md": "d39ab96fec7fe6d45ad93a8c2d418502955fbf3ef3251aef96569283e59a5c93",
    "core/project/project-fields.toml": "e9c7c440ad080a581c13b1fd7e9d9d1d18b35435fbb7f70f284c89907880fad5",
    "core/project/registry.schema.json": "b6909207c406f256e2ab128e6cf4e15613b302775427790ae69016f2da69e99c",
    "core/quality/evidence.toml": "3ecc43a8ea6d50142f87b09b47ec8013932f0c63ec6c90722d90f8adfd6fe842",
    "core/quality/profiles.toml": "c2e7cd06a8902e78c5f9a3830e27790165632474c07e85595cd6c6a37ce79cfa",
    "core/quality/quality-report.schema.json": "4dddc102674e6ec68f15e794126a8423fa3e9334e81965ec323fb3c8bf42407b",
    "core/quality/ratchet.toml": "3b260961a11cd521d712aaae27e0582f5b11c7e10db5e52415571f5926d8cfe3",
    "core/security/infrastructure.toml": "d2c7a866c1ada36e992e14a6bfa14fda00e37c0a1fd3a323e05665a640089623",
    "core/security/policy.toml": "99da2c87b2789989071dca5ce7ac99cc82a1dedefff8bf3f70854cd717b032d2",
    "core/security/security-report.schema.json": "9f2e154f504be150fc331bdd788634825d6303413ababb7a74b9a113a8723380",
    "core/workflow/acceptance.schema.json": "ea59b49a65c9c4235a2992ce45cb0387213ae870c3281211a0e5ca4f086e50fd",
    "core/workflow/classification.toml": "c222350b76584f0fc07bb3cffeb2230abe6a3750e4d2f43ef2b72d560ddfc5ef",
    "core/workflow/completion.toml": "001c72b936a41a6cc06eb1559ec9eeda4db22790111e3291255da2d6b52d0c75",
    "core/workflow/lifecycle.toml": "6cb063d489c2e6b31fdab8af7a58ac128b60dc036da473f27ab2748337aaa033",
    "core/workflow/task-state.schema.json": "b614d262b0b484aa0d189e5c3d2836324fe7b2f0fc95b8b1e0c1eecab37265f9",
    "skills/accessibility/SKILL.md": "7decc07e30af40cce0180ae0d4e33f43d22731764ed4817188d8470ce6083cb2",
    "skills/nexus-frontend/SKILL.md": "6b5f62763a76610c806c5100854baa03b4d95503fbc91ee5225dea71731dc178",
    "skills/nexus-handoff/SKILL.md": "74e0936af95d4b7844b5958baab0bef8db9185798dc7f52cb0685af974c1130b",
    "skills/nexus-quality/SKILL.md": "38dc5fa8aa084865eb691878495b88f9b8fab7d34b0bbbea19b39e25efe9061f",
    "skills/nexus-ship/SKILL.md": "81ec2649e6fc468304b779eb2411d249f282ab5451a791dcb567cd09c78f1651",
    "skills/nexus-verify/SKILL.md": "2880bd804ad3864a016ca292f1df719760afdd1694c97af27d4a64d5138907b1",
    "skills/nexus-workflow/SKILL.md": "609a0e5270a42f0648c56d849e291a451f1c7c81d3ef48a8e636eb56cc94ec80",
    "upstream/vendor-lock.json": "61cd88fd214ac8b6fd43b1f7a63afdb05f80a9bb258908fefb19b263e9f3b7f7"
  },
  "generated_hashes": {},
  "schema_version": 1
}
